<?xml version="1.0" encoding="utf-8"?>
<Project ToolsVersion="4.0" xmlns="http://schemas.microsoft.com/developer/msbuild/2003">
  <ItemGroup>
    <Filter Include="Source Files">
      <UniqueIdentifier>{4FC737F1-C7A5-4376-A066-2A32D752A2FF}</UniqueIdentifier>
      <Extensions>cpp;c;cc;cxx;def;odl;idl;hpj;bat;asm;asmx</Extensions>
    </Filter>
    <Filter Include="Header Files">
      <UniqueIdentifier>{93995380-89BD-4b04-88EB-625FBE52EBFB}</UniqueIdentifier>
      <Extensions>h;hh;hpp;hxx;hm;inl;inc;ipp;xsd</Extensions>
    </Filter>
    <Filter Include="Resource Files">
      <UniqueIdentifier>{67DA6AB6-F800-4c08-8B7A-83BB121AAD01}</UniqueIdentifier>
      <Extensions>rc;ico;cur;bmp;dlg;rc2;rct;bin;rgs;gif;jpg;jpeg;jpe;resx;tiff;tif;png;wav;mfcribbon-ms</Extensions>
    </Filter>
  </ItemGroup>
  <ItemGroup>
    <ClCompile Include="Algorithm Workbench - 31.cpp">
      <Filter>Source Files</Filter>
    </ClCompile>
    <ClCompile Include="Programming Challenge - 32.cpp">
      <Filter>Source Files</Filter>
    </ClCompile>
    <ClCompile Include="Programming Challenge - 34.cpp">
      <Filter>Source Files</Filter>
    </ClCompile>
    <ClCompile Include="Programming Challenge - 35.cpp">
      <Filter>Source Files</Filter>
    </ClCompile>
    <ClCompile Include="Programming Challenge - Perfect Score.cpp">
      <Filter>Source Files</Filter>
    </ClCompile>
    <ClCompile Include="Programming Challenge - Larger Than n.cpp">
      <Filter>Source Files</Filter>
    </ClCompile>
    <ClCompile Include="Programming Challenge - Roman Numeral Converter.cpp">
      <Filter>Source Files</Filter>
    </ClCompile>
    <ClCompile Include="Programming Challenge - Chips and Salsa.cpp">
      <Filter>Source Files</Filter>
    </ClCompile>
    <ClCompile Include="Programming Challenge - Monkey Business.cpp">
      <Filter>Source Files</Filter>
    </ClCompile>
    <ClCompile Include="Programming CHallenge - Rain or Shine.cpp">
      <Filter>Source Files</Filter>
    </ClCompile>
    <ClCompile Include="Programming Challenge - Lottery.cpp">
      <Filter>Source Files</Filter>
    </ClCompile>
    <ClCompile Include="Programming Challenge - Rainfall Statistics.cpp">
      <Filter>Source Files</Filter>
    </ClCompile>
    <ClCompile Include="Lo Shu Magic Square.cpp">
      <Filter>Source Files</Filter>
    </ClCompile>
    <ClCompile Include="Chips and Salsa Version 2.cpp">
      <Filter>Source Files</Filter>
    </ClCompile>
    <ClCompile Include="Character Converter Class.cpp">
      <Filter>Source Files</Filter>
    </ClCompile>
    <ClCompile Include="Driver%27s License Exam.cpp">
      <Filter>Source Files</Filter>
    </ClCompile>
    <ClCompile Include="Drink Machine Simulator.cpp">
      <Filter>Source Files</Filter>
    </ClCompile>
    <ClCompile Include="Bin Manager Class.cpp">
      <Filter>Source Files</Filter>
    </ClCompile>
    <ClCompile Include="Tic Tac Toe Game.cpp">
      <Filter>Source Files</Filter>
    </ClCompile>
  </ItemGroup>
</Project>