
Microsoft Visual Studio Solution File, Format Version 12.00
# Visual Studio Version 16
VisualStudioVersion = 16.0.28803.156
MinimumVisualStudioVersion = 10.0.40219.1
Project("{8BC9CEB8-8B4A-11D0-8D11-00A0C91BC942}") = "Testing stuff from the CompSci Textbook - chapter 1", "Testing stuff from the CompSci Textbook\Testing stuff from the CompSci Textbook.vcxproj", "{31308B81-4980-4924-B038-7424DBF075FA}"
EndProject
Project("{8BC9CEB8-8B4A-11D0-8D11-00A0C91BC942}") = "Review Exercise Chapter 1", "Review Exercise Chapter 1\Review Exercise Chapter 1.vcxproj", "{39BE94A3-6F6A-4EFC-A77B-CE5CAC680FD9}"
EndProject
Project("{8BC9CEB8-8B4A-11D0-8D11-00A0C91BC942}") = "Programming Challenge - Chapter 1", "Programming Challenge - Chapter 1\Programming Challenge - Chapter 1.vcxproj", "{FA8723B8-C01F-4D5C-BA8F-E60E69B8FB94}"
EndProject
Project("{8BC9CEB8-8B4A-11D0-8D11-00A0C91BC942}") = "Testing stuffs from the Comp Sci - chapter 2", "Testing stuffs from the Comp Sci - chapter 2\Testing stuffs from the Comp Sci - chapter 2.vcxproj", "{9AD8BAD5-278A-41F3-B82E-7437CD8328C4}"
EndProject
Project("{8BC9CEB8-8B4A-11D0-8D11-00A0C91BC942}") = "Coding Project", "Coding Discoveries\Coding Discoveries.vcxproj", "{A9092082-B4BD-411D-9213-216DC02F2397}"
EndProject
Project("{8BC9CEB8-8B4A-11D0-8D11-00A0C91BC942}") = "Review Exercises - Chapter 2", "Review Exercises - Chapter 2\Review Exercises - Chapter 2.vcxproj", "{A33F0D9A-F64B-4FAF-8564-E6013DC40ECA}"
EndProject
Project("{8BC9CEB8-8B4A-11D0-8D11-00A0C91BC942}") = "Testing Stuff from the Comp Sci Textbook - Chapter 3", "Testing Stuff from the Comp Sci Textbook - Chapter 3\Testing Stuff from the Comp Sci Textbook - Chapter 3.vcxproj", "{762E8AD0-9AA8-4DCB-BDC1-AFD56D7F0773}"
EndProject
Project("{8BC9CEB8-8B4A-11D0-8D11-00A0C91BC942}") = "Assignments_1_Build", "Assignments_1_Build\Assignment.vcxproj", "{7114E2CB-345D-4BA3-815A-FE65A6315F66}"
EndProject
Project("{8BC9CEB8-8B4A-11D0-8D11-00A0C91BC942}") = "Assignment_2_Build", "Assignment_2_Build\Assignment_2_Build.vcxproj", "{D4ECE8D1-E0A6-4D23-9098-9C51329E3003}"
EndProject
Project("{8BC9CEB8-8B4A-11D0-8D11-00A0C91BC942}") = "Review Exercises - Chapter 3", "Review Exercises - Chapter 3\Review Exercises - Chapter 3.vcxproj", "{FB45FDBF-7D1B-40A8-B73F-86228922D68D}"
EndProject
Project("{8BC9CEB8-8B4A-11D0-8D11-00A0C91BC942}") = "Assignment_3_Build", "Assignment_3_Build\Assignment_3_Build.vcxproj", "{33759D45-39C8-41B2-B4B6-311C670D0158}"
EndProject
Project("{8BC9CEB8-8B4A-11D0-8D11-00A0C91BC942}") = "Assignment_4_Build", "Assignment 4\Assignment 4.vcxproj", "{5398B0DE-C7F4-4EF5-AB87-F5BD4E8A2F5F}"
EndProject
Project("{8BC9CEB8-8B4A-11D0-8D11-00A0C91BC942}") = "Review Exercises - Chapter 4", "Review Exercises - Chapter 4\Review Exercises - Chapter 4.vcxproj", "{C1486ABB-A77B-4035-98C0-85CA991B7C81}"
EndProject
Project("{8BC9CEB8-8B4A-11D0-8D11-00A0C91BC942}") = "Review Exercises - Chapter 5", "Review Exercises - Chapter 5\Review Exercises - Chapter 5.vcxproj", "{E808C378-E3B0-4DDB-BF35-E2C1270B6A3D}"
EndProject
Project("{8BC9CEB8-8B4A-11D0-8D11-00A0C91BC942}") = "Midterm 2 Practice", "Midterm 2 Practice\Midterm 2 Practice.vcxproj", "{E2DD09DA-0455-4DDA-A6A0-719D079E3018}"
EndProject
Project("{8BC9CEB8-8B4A-11D0-8D11-00A0C91BC942}") = "Assignment_5_Build", "Assignment_5_Build\Assignment_5_Build.vcxproj", "{12095BED-5944-4255-9A19-59666102DC47}"
EndProject
Project("{8BC9CEB8-8B4A-11D0-8D11-00A0C91BC942}") = "Review Exercises - Chapter 8", "Review Exercises - Chapter 8\Review Exercises - Chapter 8.vcxproj", "{F5470789-79A0-40CD-9C3F-A84B5B16EFD9}"
EndProject
Project("{8BC9CEB8-8B4A-11D0-8D11-00A0C91BC942}") = "Assignment 6 Build", "Assignment 6 Build\Assignment 6 Build.vcxproj", "{5D3AEE24-1FA3-48EA-B3C4-A4E75BFA9552}"
EndProject
Project("{8BC9CEB8-8B4A-11D0-8D11-00A0C91BC942}") = "Assignment 7 Build", "Assignment 7 Build\Assignment 7 Build.vcxproj", "{6CCABD8F-3BF4-4BC9-9AF7-C27EFB13BBED}"
EndProject
Project("{8BC9CEB8-8B4A-11D0-8D11-00A0C91BC942}") = "Final Practice", "Final Practice\Final Practice.vcxproj", "{EBBF6C13-4D95-4E2A-A738-EBC8FADD1C3D}"
EndProject
Project("{8BC9CEB8-8B4A-11D0-8D11-00A0C91BC942}") = "Finale", "Finale\Finale.vcxproj", "{0265D72E-20D5-4E6E-9D5E-E5681C414B2F}"
EndProject
Project("{8BC9CEB8-8B4A-11D0-8D11-00A0C91BC942}") = "Extra Credit", "Extra Credit\Extra Credit.vcxproj", "{79384D44-E06C-4F69-9F82-F4D0ECA56532}"
EndProject
Project("{8BC9CEB8-8B4A-11D0-8D11-00A0C91BC942}") = "Review Exercise - Chapter 11", "Review Exercise - Chapter 11\Review Exercise - Chapter 11.vcxproj", "{90B87D10-557E-4BA6-BEC3-B2E7A90D90DF}"
EndProject
Project("{8BC9CEB8-8B4A-11D0-8D11-00A0C91BC942}") = "Review Exercises - Chapter 10", "Review Exercises - Chapter 10\Review Exercises - Chapter 10.vcxproj", "{9CDDF05E-C446-408E-8CD4-F5B306086140}"
EndProject
Project("{8BC9CEB8-8B4A-11D0-8D11-00A0C91BC942}") = "Review Exercises - Chapter 12", "Review Exercises - Chapter 12\Review Exercises - Chapter 12.vcxproj", "{60316F3F-827F-495B-9DCE-52A0B551E7C9}"
EndProject
Project("{8BC9CEB8-8B4A-11D0-8D11-00A0C91BC942}") = "Programming Challenges - Chapter 13", "Programming Challenges - Chapter 13\Programming Challenges - Chapter 13.vcxproj", "{F459B151-527D-4905-9ED8-799F3D3C961C}"
EndProject
Project("{8BC9CEB8-8B4A-11D0-8D11-00A0C91BC942}") = "Programming Challenge - Chapter 7", "Programming Challenge - Chapter 7\Programming Challenge - Chapter 7.vcxproj", "{9F4FB559-FDD2-4CF5-87A0-EF5612693F8F}"
EndProject
Project("{8BC9CEB8-8B4A-11D0-8D11-00A0C91BC942}") = "Review Exercises - Chapter 9", "Review Exercises - Chapter 9\Review Exercises - Chapter 9.vcxproj", "{D90BC44D-ACAD-4725-904A-A206ABE8C239}"
EndProject
Project("{8BC9CEB8-8B4A-11D0-8D11-00A0C91BC942}") = "Review Exercises - Chapter 14", "Review Exercises - Chapter 14\Review Exercises - Chapter 14.vcxproj", "{3E7F70BF-5FC2-4164-8CBE-1654AA6326DD}"
EndProject
Project("{8BC9CEB8-8B4A-11D0-8D11-00A0C91BC942}") = "Chapter 17 - Review Exercises", "Chapter 17 - Review Exercises\Chapter 17 - Review Exercises.vcxproj", "{93C6F03F-9245-4D0C-9C25-E769ACB28563}"
EndProject
Global
	GlobalSection(SolutionConfigurationPlatforms) = preSolution
		Debug|x64 = Debug|x64
		Debug|x86 = Debug|x86
		Release|x64 = Release|x64
		Release|x86 = Release|x86
	EndGlobalSection
	GlobalSection(ProjectConfigurationPlatforms) = postSolution
		{31308B81-4980-4924-B038-7424DBF075FA}.Debug|x64.ActiveCfg = Debug|x64
		{31308B81-4980-4924-B038-7424DBF075FA}.Debug|x64.Build.0 = Debug|x64
		{31308B81-4980-4924-B038-7424DBF075FA}.Debug|x86.ActiveCfg = Debug|Win32
		{31308B81-4980-4924-B038-7424DBF075FA}.Debug|x86.Build.0 = Debug|Win32
		{31308B81-4980-4924-B038-7424DBF075FA}.Release|x64.ActiveCfg = Release|x64
		{31308B81-4980-4924-B038-7424DBF075FA}.Release|x64.Build.0 = Release|x64
		{31308B81-4980-4924-B038-7424DBF075FA}.Release|x86.ActiveCfg = Release|Win32
		{31308B81-4980-4924-B038-7424DBF075FA}.Release|x86.Build.0 = Release|Win32
		{39BE94A3-6F6A-4EFC-A77B-CE5CAC680FD9}.Debug|x64.ActiveCfg = Debug|x64
		{39BE94A3-6F6A-4EFC-A77B-CE5CAC680FD9}.Debug|x64.Build.0 = Debug|x64
		{39BE94A3-6F6A-4EFC-A77B-CE5CAC680FD9}.Debug|x86.ActiveCfg = Debug|Win32
		{39BE94A3-6F6A-4EFC-A77B-CE5CAC680FD9}.Debug|x86.Build.0 = Debug|Win32
		{39BE94A3-6F6A-4EFC-A77B-CE5CAC680FD9}.Release|x64.ActiveCfg = Release|x64
		{39BE94A3-6F6A-4EFC-A77B-CE5CAC680FD9}.Release|x64.Build.0 = Release|x64
		{39BE94A3-6F6A-4EFC-A77B-CE5CAC680FD9}.Release|x86.ActiveCfg = Release|Win32
		{39BE94A3-6F6A-4EFC-A77B-CE5CAC680FD9}.Release|x86.Build.0 = Release|Win32
		{FA8723B8-C01F-4D5C-BA8F-E60E69B8FB94}.Debug|x64.ActiveCfg = Debug|x64
		{FA8723B8-C01F-4D5C-BA8F-E60E69B8FB94}.Debug|x64.Build.0 = Debug|x64
		{FA8723B8-C01F-4D5C-BA8F-E60E69B8FB94}.Debug|x86.ActiveCfg = Debug|Win32
		{FA8723B8-C01F-4D5C-BA8F-E60E69B8FB94}.Debug|x86.Build.0 = Debug|Win32
		{FA8723B8-C01F-4D5C-BA8F-E60E69B8FB94}.Release|x64.ActiveCfg = Release|x64
		{FA8723B8-C01F-4D5C-BA8F-E60E69B8FB94}.Release|x64.Build.0 = Release|x64
		{FA8723B8-C01F-4D5C-BA8F-E60E69B8FB94}.Release|x86.ActiveCfg = Release|Win32
		{FA8723B8-C01F-4D5C-BA8F-E60E69B8FB94}.Release|x86.Build.0 = Release|Win32
		{9AD8BAD5-278A-41F3-B82E-7437CD8328C4}.Debug|x64.ActiveCfg = Debug|x64
		{9AD8BAD5-278A-41F3-B82E-7437CD8328C4}.Debug|x64.Build.0 = Debug|x64
		{9AD8BAD5-278A-41F3-B82E-7437CD8328C4}.Debug|x86.ActiveCfg = Debug|Win32
		{9AD8BAD5-278A-41F3-B82E-7437CD8328C4}.Debug|x86.Build.0 = Debug|Win32
		{9AD8BAD5-278A-41F3-B82E-7437CD8328C4}.Release|x64.ActiveCfg = Release|x64
		{9AD8BAD5-278A-41F3-B82E-7437CD8328C4}.Release|x64.Build.0 = Release|x64
		{9AD8BAD5-278A-41F3-B82E-7437CD8328C4}.Release|x86.ActiveCfg = Release|Win32
		{9AD8BAD5-278A-41F3-B82E-7437CD8328C4}.Release|x86.Build.0 = Release|Win32
		{A9092082-B4BD-411D-9213-216DC02F2397}.Debug|x64.ActiveCfg = Debug|x64
		{A9092082-B4BD-411D-9213-216DC02F2397}.Debug|x64.Build.0 = Debug|x64
		{A9092082-B4BD-411D-9213-216DC02F2397}.Debug|x86.ActiveCfg = Debug|Win32
		{A9092082-B4BD-411D-9213-216DC02F2397}.Debug|x86.Build.0 = Debug|Win32
		{A9092082-B4BD-411D-9213-216DC02F2397}.Release|x64.ActiveCfg = Release|x64
		{A9092082-B4BD-411D-9213-216DC02F2397}.Release|x64.Build.0 = Release|x64
		{A9092082-B4BD-411D-9213-216DC02F2397}.Release|x86.ActiveCfg = Release|Win32
		{A9092082-B4BD-411D-9213-216DC02F2397}.Release|x86.Build.0 = Release|Win32
		{A33F0D9A-F64B-4FAF-8564-E6013DC40ECA}.Debug|x64.ActiveCfg = Debug|x64
		{A33F0D9A-F64B-4FAF-8564-E6013DC40ECA}.Debug|x64.Build.0 = Debug|x64
		{A33F0D9A-F64B-4FAF-8564-E6013DC40ECA}.Debug|x86.ActiveCfg = Debug|Win32
		{A33F0D9A-F64B-4FAF-8564-E6013DC40ECA}.Debug|x86.Build.0 = Debug|Win32
		{A33F0D9A-F64B-4FAF-8564-E6013DC40ECA}.Release|x64.ActiveCfg = Release|x64
		{A33F0D9A-F64B-4FAF-8564-E6013DC40ECA}.Release|x64.Build.0 = Release|x64
		{A33F0D9A-F64B-4FAF-8564-E6013DC40ECA}.Release|x86.ActiveCfg = Release|Win32
		{A33F0D9A-F64B-4FAF-8564-E6013DC40ECA}.Release|x86.Build.0 = Release|Win32
		{762E8AD0-9AA8-4DCB-BDC1-AFD56D7F0773}.Debug|x64.ActiveCfg = Debug|x64
		{762E8AD0-9AA8-4DCB-BDC1-AFD56D7F0773}.Debug|x64.Build.0 = Debug|x64
		{762E8AD0-9AA8-4DCB-BDC1-AFD56D7F0773}.Debug|x86.ActiveCfg = Debug|Win32
		{762E8AD0-9AA8-4DCB-BDC1-AFD56D7F0773}.Debug|x86.Build.0 = Debug|Win32
		{762E8AD0-9AA8-4DCB-BDC1-AFD56D7F0773}.Release|x64.ActiveCfg = Release|x64
		{762E8AD0-9AA8-4DCB-BDC1-AFD56D7F0773}.Release|x64.Build.0 = Release|x64
		{762E8AD0-9AA8-4DCB-BDC1-AFD56D7F0773}.Release|x86.ActiveCfg = Release|Win32
		{762E8AD0-9AA8-4DCB-BDC1-AFD56D7F0773}.Release|x86.Build.0 = Release|Win32
		{7114E2CB-345D-4BA3-815A-FE65A6315F66}.Debug|x64.ActiveCfg = Debug|x64
		{7114E2CB-345D-4BA3-815A-FE65A6315F66}.Debug|x64.Build.0 = Debug|x64
		{7114E2CB-345D-4BA3-815A-FE65A6315F66}.Debug|x86.ActiveCfg = Debug|Win32
		{7114E2CB-345D-4BA3-815A-FE65A6315F66}.Debug|x86.Build.0 = Debug|Win32
		{7114E2CB-345D-4BA3-815A-FE65A6315F66}.Release|x64.ActiveCfg = Release|x64
		{7114E2CB-345D-4BA3-815A-FE65A6315F66}.Release|x64.Build.0 = Release|x64
		{7114E2CB-345D-4BA3-815A-FE65A6315F66}.Release|x86.ActiveCfg = Release|Win32
		{7114E2CB-345D-4BA3-815A-FE65A6315F66}.Release|x86.Build.0 = Release|Win32
		{D4ECE8D1-E0A6-4D23-9098-9C51329E3003}.Debug|x64.ActiveCfg = Debug|x64
		{D4ECE8D1-E0A6-4D23-9098-9C51329E3003}.Debug|x64.Build.0 = Debug|x64
		{D4ECE8D1-E0A6-4D23-9098-9C51329E3003}.Debug|x86.ActiveCfg = Debug|Win32
		{D4ECE8D1-E0A6-4D23-9098-9C51329E3003}.Debug|x86.Build.0 = Debug|Win32
		{D4ECE8D1-E0A6-4D23-9098-9C51329E3003}.Release|x64.ActiveCfg = Release|x64
		{D4ECE8D1-E0A6-4D23-9098-9C51329E3003}.Release|x64.Build.0 = Release|x64
		{D4ECE8D1-E0A6-4D23-9098-9C51329E3003}.Release|x86.ActiveCfg = Release|Win32
		{D4ECE8D1-E0A6-4D23-9098-9C51329E3003}.Release|x86.Build.0 = Release|Win32
		{FB45FDBF-7D1B-40A8-B73F-86228922D68D}.Debug|x64.ActiveCfg = Debug|x64
		{FB45FDBF-7D1B-40A8-B73F-86228922D68D}.Debug|x64.Build.0 = Debug|x64
		{FB45FDBF-7D1B-40A8-B73F-86228922D68D}.Debug|x86.ActiveCfg = Debug|Win32
		{FB45FDBF-7D1B-40A8-B73F-86228922D68D}.Debug|x86.Build.0 = Debug|Win32
		{FB45FDBF-7D1B-40A8-B73F-86228922D68D}.Release|x64.ActiveCfg = Release|x64
		{FB45FDBF-7D1B-40A8-B73F-86228922D68D}.Release|x64.Build.0 = Release|x64
		{FB45FDBF-7D1B-40A8-B73F-86228922D68D}.Release|x86.ActiveCfg = Release|Win32
		{FB45FDBF-7D1B-40A8-B73F-86228922D68D}.Release|x86.Build.0 = Release|Win32
		{33759D45-39C8-41B2-B4B6-311C670D0158}.Debug|x64.ActiveCfg = Debug|x64
		{33759D45-39C8-41B2-B4B6-311C670D0158}.Debug|x64.Build.0 = Debug|x64
		{33759D45-39C8-41B2-B4B6-311C670D0158}.Debug|x86.ActiveCfg = Debug|Win32
		{33759D45-39C8-41B2-B4B6-311C670D0158}.Debug|x86.Build.0 = Debug|Win32
		{33759D45-39C8-41B2-B4B6-311C670D0158}.Release|x64.ActiveCfg = Release|x64
		{33759D45-39C8-41B2-B4B6-311C670D0158}.Release|x64.Build.0 = Release|x64
		{33759D45-39C8-41B2-B4B6-311C670D0158}.Release|x86.ActiveCfg = Release|Win32
		{33759D45-39C8-41B2-B4B6-311C670D0158}.Release|x86.Build.0 = Release|Win32
		{5398B0DE-C7F4-4EF5-AB87-F5BD4E8A2F5F}.Debug|x64.ActiveCfg = Debug|x64
		{5398B0DE-C7F4-4EF5-AB87-F5BD4E8A2F5F}.Debug|x64.Build.0 = Debug|x64
		{5398B0DE-C7F4-4EF5-AB87-F5BD4E8A2F5F}.Debug|x86.ActiveCfg = Debug|Win32
		{5398B0DE-C7F4-4EF5-AB87-F5BD4E8A2F5F}.Debug|x86.Build.0 = Debug|Win32
		{5398B0DE-C7F4-4EF5-AB87-F5BD4E8A2F5F}.Release|x64.ActiveCfg = Release|x64
		{5398B0DE-C7F4-4EF5-AB87-F5BD4E8A2F5F}.Release|x64.Build.0 = Release|x64
		{5398B0DE-C7F4-4EF5-AB87-F5BD4E8A2F5F}.Release|x86.ActiveCfg = Release|Win32
		{5398B0DE-C7F4-4EF5-AB87-F5BD4E8A2F5F}.Release|x86.Build.0 = Release|Win32
		{C1486ABB-A77B-4035-98C0-85CA991B7C81}.Debug|x64.ActiveCfg = Debug|x64
		{C1486ABB-A77B-4035-98C0-85CA991B7C81}.Debug|x64.Build.0 = Debug|x64
		{C1486ABB-A77B-4035-98C0-85CA991B7C81}.Debug|x86.ActiveCfg = Debug|Win32
		{C1486ABB-A77B-4035-98C0-85CA991B7C81}.Debug|x86.Build.0 = Debug|Win32
		{C1486ABB-A77B-4035-98C0-85CA991B7C81}.Release|x64.ActiveCfg = Release|x64
		{C1486ABB-A77B-4035-98C0-85CA991B7C81}.Release|x64.Build.0 = Release|x64
		{C1486ABB-A77B-4035-98C0-85CA991B7C81}.Release|x86.ActiveCfg = Release|Win32
		{C1486ABB-A77B-4035-98C0-85CA991B7C81}.Release|x86.Build.0 = Release|Win32
		{E808C378-E3B0-4DDB-BF35-E2C1270B6A3D}.Debug|x64.ActiveCfg = Debug|x64
		{E808C378-E3B0-4DDB-BF35-E2C1270B6A3D}.Debug|x64.Build.0 = Debug|x64
		{E808C378-E3B0-4DDB-BF35-E2C1270B6A3D}.Debug|x86.ActiveCfg = Debug|Win32
		{E808C378-E3B0-4DDB-BF35-E2C1270B6A3D}.Debug|x86.Build.0 = Debug|Win32
		{E808C378-E3B0-4DDB-BF35-E2C1270B6A3D}.Release|x64.ActiveCfg = Release|x64
		{E808C378-E3B0-4DDB-BF35-E2C1270B6A3D}.Release|x64.Build.0 = Release|x64
		{E808C378-E3B0-4DDB-BF35-E2C1270B6A3D}.Release|x86.ActiveCfg = Release|Win32
		{E808C378-E3B0-4DDB-BF35-E2C1270B6A3D}.Release|x86.Build.0 = Release|Win32
		{E2DD09DA-0455-4DDA-A6A0-719D079E3018}.Debug|x64.ActiveCfg = Debug|x64
		{E2DD09DA-0455-4DDA-A6A0-719D079E3018}.Debug|x64.Build.0 = Debug|x64
		{E2DD09DA-0455-4DDA-A6A0-719D079E3018}.Debug|x86.ActiveCfg = Debug|Win32
		{E2DD09DA-0455-4DDA-A6A0-719D079E3018}.Debug|x86.Build.0 = Debug|Win32
		{E2DD09DA-0455-4DDA-A6A0-719D079E3018}.Release|x64.ActiveCfg = Release|x64
		{E2DD09DA-0455-4DDA-A6A0-719D079E3018}.Release|x64.Build.0 = Release|x64
		{E2DD09DA-0455-4DDA-A6A0-719D079E3018}.Release|x86.ActiveCfg = Release|Win32
		{E2DD09DA-0455-4DDA-A6A0-719D079E3018}.Release|x86.Build.0 = Release|Win32
		{12095BED-5944-4255-9A19-59666102DC47}.Debug|x64.ActiveCfg = Debug|x64
		{12095BED-5944-4255-9A19-59666102DC47}.Debug|x64.Build.0 = Debug|x64
		{12095BED-5944-4255-9A19-59666102DC47}.Debug|x86.ActiveCfg = Debug|Win32
		{12095BED-5944-4255-9A19-59666102DC47}.Debug|x86.Build.0 = Debug|Win32
		{12095BED-5944-4255-9A19-59666102DC47}.Release|x64.ActiveCfg = Release|x64
		{12095BED-5944-4255-9A19-59666102DC47}.Release|x64.Build.0 = Release|x64
		{12095BED-5944-4255-9A19-59666102DC47}.Release|x86.ActiveCfg = Release|Win32
		{12095BED-5944-4255-9A19-59666102DC47}.Release|x86.Build.0 = Release|Win32
		{F5470789-79A0-40CD-9C3F-A84B5B16EFD9}.Debug|x64.ActiveCfg = Debug|x64
		{F5470789-79A0-40CD-9C3F-A84B5B16EFD9}.Debug|x64.Build.0 = Debug|x64
		{F5470789-79A0-40CD-9C3F-A84B5B16EFD9}.Debug|x86.ActiveCfg = Debug|Win32
		{F5470789-79A0-40CD-9C3F-A84B5B16EFD9}.Debug|x86.Build.0 = Debug|Win32
		{F5470789-79A0-40CD-9C3F-A84B5B16EFD9}.Release|x64.ActiveCfg = Release|x64
		{F5470789-79A0-40CD-9C3F-A84B5B16EFD9}.Release|x64.Build.0 = Release|x64
		{F5470789-79A0-40CD-9C3F-A84B5B16EFD9}.Release|x86.ActiveCfg = Release|Win32
		{F5470789-79A0-40CD-9C3F-A84B5B16EFD9}.Release|x86.Build.0 = Release|Win32
		{5D3AEE24-1FA3-48EA-B3C4-A4E75BFA9552}.Debug|x64.ActiveCfg = Debug|x64
		{5D3AEE24-1FA3-48EA-B3C4-A4E75BFA9552}.Debug|x64.Build.0 = Debug|x64
		{5D3AEE24-1FA3-48EA-B3C4-A4E75BFA9552}.Debug|x86.ActiveCfg = Debug|Win32
		{5D3AEE24-1FA3-48EA-B3C4-A4E75BFA9552}.Debug|x86.Build.0 = Debug|Win32
		{5D3AEE24-1FA3-48EA-B3C4-A4E75BFA9552}.Release|x64.ActiveCfg = Release|x64
		{5D3AEE24-1FA3-48EA-B3C4-A4E75BFA9552}.Release|x64.Build.0 = Release|x64
		{5D3AEE24-1FA3-48EA-B3C4-A4E75BFA9552}.Release|x86.ActiveCfg = Release|Win32
		{5D3AEE24-1FA3-48EA-B3C4-A4E75BFA9552}.Release|x86.Build.0 = Release|Win32
		{6CCABD8F-3BF4-4BC9-9AF7-C27EFB13BBED}.Debug|x64.ActiveCfg = Debug|x64
		{6CCABD8F-3BF4-4BC9-9AF7-C27EFB13BBED}.Debug|x64.Build.0 = Debug|x64
		{6CCABD8F-3BF4-4BC9-9AF7-C27EFB13BBED}.Debug|x86.ActiveCfg = Debug|Win32
		{6CCABD8F-3BF4-4BC9-9AF7-C27EFB13BBED}.Debug|x86.Build.0 = Debug|Win32
		{6CCABD8F-3BF4-4BC9-9AF7-C27EFB13BBED}.Release|x64.ActiveCfg = Release|x64
		{6CCABD8F-3BF4-4BC9-9AF7-C27EFB13BBED}.Release|x64.Build.0 = Release|x64
		{6CCABD8F-3BF4-4BC9-9AF7-C27EFB13BBED}.Release|x86.ActiveCfg = Release|Win32
		{6CCABD8F-3BF4-4BC9-9AF7-C27EFB13BBED}.Release|x86.Build.0 = Release|Win32
		{EBBF6C13-4D95-4E2A-A738-EBC8FADD1C3D}.Debug|x64.ActiveCfg = Debug|x64
		{EBBF6C13-4D95-4E2A-A738-EBC8FADD1C3D}.Debug|x64.Build.0 = Debug|x64
		{EBBF6C13-4D95-4E2A-A738-EBC8FADD1C3D}.Debug|x86.ActiveCfg = Debug|Win32
		{EBBF6C13-4D95-4E2A-A738-EBC8FADD1C3D}.Debug|x86.Build.0 = Debug|Win32
		{EBBF6C13-4D95-4E2A-A738-EBC8FADD1C3D}.Release|x64.ActiveCfg = Release|x64
		{EBBF6C13-4D95-4E2A-A738-EBC8FADD1C3D}.Release|x64.Build.0 = Release|x64
		{EBBF6C13-4D95-4E2A-A738-EBC8FADD1C3D}.Release|x86.ActiveCfg = Release|Win32
		{EBBF6C13-4D95-4E2A-A738-EBC8FADD1C3D}.Release|x86.Build.0 = Release|Win32
		{0265D72E-20D5-4E6E-9D5E-E5681C414B2F}.Debug|x64.ActiveCfg = Debug|x64
		{0265D72E-20D5-4E6E-9D5E-E5681C414B2F}.Debug|x64.Build.0 = Debug|x64
		{0265D72E-20D5-4E6E-9D5E-E5681C414B2F}.Debug|x86.ActiveCfg = Debug|Win32
		{0265D72E-20D5-4E6E-9D5E-E5681C414B2F}.Debug|x86.Build.0 = Debug|Win32
		{0265D72E-20D5-4E6E-9D5E-E5681C414B2F}.Release|x64.ActiveCfg = Release|x64
		{0265D72E-20D5-4E6E-9D5E-E5681C414B2F}.Release|x64.Build.0 = Release|x64
		{0265D72E-20D5-4E6E-9D5E-E5681C414B2F}.Release|x86.ActiveCfg = Release|Win32
		{0265D72E-20D5-4E6E-9D5E-E5681C414B2F}.Release|x86.Build.0 = Release|Win32
		{79384D44-E06C-4F69-9F82-F4D0ECA56532}.Debug|x64.ActiveCfg = Debug|x64
		{79384D44-E06C-4F69-9F82-F4D0ECA56532}.Debug|x64.Build.0 = Debug|x64
		{79384D44-E06C-4F69-9F82-F4D0ECA56532}.Debug|x86.ActiveCfg = Debug|Win32
		{79384D44-E06C-4F69-9F82-F4D0ECA56532}.Debug|x86.Build.0 = Debug|Win32
		{79384D44-E06C-4F69-9F82-F4D0ECA56532}.Release|x64.ActiveCfg = Release|x64
		{79384D44-E06C-4F69-9F82-F4D0ECA56532}.Release|x64.Build.0 = Release|x64
		{79384D44-E06C-4F69-9F82-F4D0ECA56532}.Release|x86.ActiveCfg = Release|Win32
		{79384D44-E06C-4F69-9F82-F4D0ECA56532}.Release|x86.Build.0 = Release|Win32
		{90B87D10-557E-4BA6-BEC3-B2E7A90D90DF}.Debug|x64.ActiveCfg = Debug|x64
		{90B87D10-557E-4BA6-BEC3-B2E7A90D90DF}.Debug|x64.Build.0 = Debug|x64
		{90B87D10-557E-4BA6-BEC3-B2E7A90D90DF}.Debug|x86.ActiveCfg = Debug|Win32
		{90B87D10-557E-4BA6-BEC3-B2E7A90D90DF}.Debug|x86.Build.0 = Debug|Win32
		{90B87D10-557E-4BA6-BEC3-B2E7A90D90DF}.Release|x64.ActiveCfg = Release|x64
		{90B87D10-557E-4BA6-BEC3-B2E7A90D90DF}.Release|x64.Build.0 = Release|x64
		{90B87D10-557E-4BA6-BEC3-B2E7A90D90DF}.Release|x86.ActiveCfg = Release|Win32
		{90B87D10-557E-4BA6-BEC3-B2E7A90D90DF}.Release|x86.Build.0 = Release|Win32
		{9CDDF05E-C446-408E-8CD4-F5B306086140}.Debug|x64.ActiveCfg = Debug|x64
		{9CDDF05E-C446-408E-8CD4-F5B306086140}.Debug|x64.Build.0 = Debug|x64
		{9CDDF05E-C446-408E-8CD4-F5B306086140}.Debug|x86.ActiveCfg = Debug|Win32
		{9CDDF05E-C446-408E-8CD4-F5B306086140}.Debug|x86.Build.0 = Debug|Win32
		{9CDDF05E-C446-408E-8CD4-F5B306086140}.Release|x64.ActiveCfg = Release|x64
		{9CDDF05E-C446-408E-8CD4-F5B306086140}.Release|x64.Build.0 = Release|x64
		{9CDDF05E-C446-408E-8CD4-F5B306086140}.Release|x86.ActiveCfg = Release|Win32
		{9CDDF05E-C446-408E-8CD4-F5B306086140}.Release|x86.Build.0 = Release|Win32
		{60316F3F-827F-495B-9DCE-52A0B551E7C9}.Debug|x64.ActiveCfg = Debug|x64
		{60316F3F-827F-495B-9DCE-52A0B551E7C9}.Debug|x64.Build.0 = Debug|x64
		{60316F3F-827F-495B-9DCE-52A0B551E7C9}.Debug|x86.ActiveCfg = Debug|Win32
		{60316F3F-827F-495B-9DCE-52A0B551E7C9}.Debug|x86.Build.0 = Debug|Win32
		{60316F3F-827F-495B-9DCE-52A0B551E7C9}.Release|x64.ActiveCfg = Release|x64
		{60316F3F-827F-495B-9DCE-52A0B551E7C9}.Release|x64.Build.0 = Release|x64
		{60316F3F-827F-495B-9DCE-52A0B551E7C9}.Release|x86.ActiveCfg = Release|Win32
		{60316F3F-827F-495B-9DCE-52A0B551E7C9}.Release|x86.Build.0 = Release|Win32
		{F459B151-527D-4905-9ED8-799F3D3C961C}.Debug|x64.ActiveCfg = Debug|x64
		{F459B151-527D-4905-9ED8-799F3D3C961C}.Debug|x64.Build.0 = Debug|x64
		{F459B151-527D-4905-9ED8-799F3D3C961C}.Debug|x86.ActiveCfg = Debug|Win32
		{F459B151-527D-4905-9ED8-799F3D3C961C}.Debug|x86.Build.0 = Debug|Win32
		{F459B151-527D-4905-9ED8-799F3D3C961C}.Release|x64.ActiveCfg = Release|x64
		{F459B151-527D-4905-9ED8-799F3D3C961C}.Release|x64.Build.0 = Release|x64
		{F459B151-527D-4905-9ED8-799F3D3C961C}.Release|x86.ActiveCfg = Release|Win32
		{F459B151-527D-4905-9ED8-799F3D3C961C}.Release|x86.Build.0 = Release|Win32
		{9F4FB559-FDD2-4CF5-87A0-EF5612693F8F}.Debug|x64.ActiveCfg = Debug|x64
		{9F4FB559-FDD2-4CF5-87A0-EF5612693F8F}.Debug|x64.Build.0 = Debug|x64
		{9F4FB559-FDD2-4CF5-87A0-EF5612693F8F}.Debug|x86.ActiveCfg = Debug|Win32
		{9F4FB559-FDD2-4CF5-87A0-EF5612693F8F}.Debug|x86.Build.0 = Debug|Win32
		{9F4FB559-FDD2-4CF5-87A0-EF5612693F8F}.Release|x64.ActiveCfg = Release|x64
		{9F4FB559-FDD2-4CF5-87A0-EF5612693F8F}.Release|x64.Build.0 = Release|x64
		{9F4FB559-FDD2-4CF5-87A0-EF5612693F8F}.Release|x86.ActiveCfg = Release|Win32
		{9F4FB559-FDD2-4CF5-87A0-EF5612693F8F}.Release|x86.Build.0 = Release|Win32
		{D90BC44D-ACAD-4725-904A-A206ABE8C239}.Debug|x64.ActiveCfg = Debug|x64
		{D90BC44D-ACAD-4725-904A-A206ABE8C239}.Debug|x64.Build.0 = Debug|x64
		{D90BC44D-ACAD-4725-904A-A206ABE8C239}.Debug|x86.ActiveCfg = Debug|Win32
		{D90BC44D-ACAD-4725-904A-A206ABE8C239}.Debug|x86.Build.0 = Debug|Win32
		{D90BC44D-ACAD-4725-904A-A206ABE8C239}.Release|x64.ActiveCfg = Release|x64
		{D90BC44D-ACAD-4725-904A-A206ABE8C239}.Release|x64.Build.0 = Release|x64
		{D90BC44D-ACAD-4725-904A-A206ABE8C239}.Release|x86.ActiveCfg = Release|Win32
		{D90BC44D-ACAD-4725-904A-A206ABE8C239}.Release|x86.Build.0 = Release|Win32
		{3E7F70BF-5FC2-4164-8CBE-1654AA6326DD}.Debug|x64.ActiveCfg = Debug|x64
		{3E7F70BF-5FC2-4164-8CBE-1654AA6326DD}.Debug|x64.Build.0 = Debug|x64
		{3E7F70BF-5FC2-4164-8CBE-1654AA6326DD}.Debug|x86.ActiveCfg = Debug|Win32
		{3E7F70BF-5FC2-4164-8CBE-1654AA6326DD}.Debug|x86.Build.0 = Debug|Win32
		{3E7F70BF-5FC2-4164-8CBE-1654AA6326DD}.Release|x64.ActiveCfg = Release|x64
		{3E7F70BF-5FC2-4164-8CBE-1654AA6326DD}.Release|x64.Build.0 = Release|x64
		{3E7F70BF-5FC2-4164-8CBE-1654AA6326DD}.Release|x86.ActiveCfg = Release|Win32
		{3E7F70BF-5FC2-4164-8CBE-1654AA6326DD}.Release|x86.Build.0 = Release|Win32
		{93C6F03F-9245-4D0C-9C25-E769ACB28563}.Debug|x64.ActiveCfg = Debug|x64
		{93C6F03F-9245-4D0C-9C25-E769ACB28563}.Debug|x64.Build.0 = Debug|x64
		{93C6F03F-9245-4D0C-9C25-E769ACB28563}.Debug|x86.ActiveCfg = Debug|Win32
		{93C6F03F-9245-4D0C-9C25-E769ACB28563}.Debug|x86.Build.0 = Debug|Win32
		{93C6F03F-9245-4D0C-9C25-E769ACB28563}.Release|x64.ActiveCfg = Release|x64
		{93C6F03F-9245-4D0C-9C25-E769ACB28563}.Release|x64.Build.0 = Release|x64
		{93C6F03F-9245-4D0C-9C25-E769ACB28563}.Release|x86.ActiveCfg = Release|Win32
		{93C6F03F-9245-4D0C-9C25-E769ACB28563}.Release|x86.Build.0 = Release|Win32
	EndGlobalSection
	GlobalSection(SolutionProperties) = preSolution
		HideSolutionNode = FALSE
	EndGlobalSection
	GlobalSection(ExtensibilityGlobals) = postSolution
		SolutionGuid = {48CAADEA-C08B-4EFB-A865-5CB9989BD5B8}
	EndGlobalSection
EndGlobal
