
Microsoft Visual Studio Solution File, Format Version 12.00
# Visual Studio 15
VisualStudioVersion = 15.0.28307.329
MinimumVisualStudioVersion = 10.0.40219.1
Project("{8BC9CEB8-8B4A-11D0-8D11-00A0C91BC942}") = "Testing stuff from the CompSci Textbook - chapter 1", "Testing stuff from the CompSci Textbook\Testing stuff from the CompSci Textbook.vcxproj", "{31308B81-4980-4924-B038-7424DBF075FA}"
EndProject
Project("{8BC9CEB8-8B4A-11D0-8D11-00A0C91BC942}") = "Review Exercise Chapter 1", "Review Exercise Chapter 1\Review Exercise Chapter 1.vcxproj", "{39BE94A3-6F6A-4EFC-A77B-CE5CAC680FD9}"
EndProject
Project("{8BC9CEB8-8B4A-11D0-8D11-00A0C91BC942}") = "Programming Challenge - Chapter 1", "Programming Challenge - Chapter 1\Programming Challenge - Chapter 1.vcxproj", "{FA8723B8-C01F-4D5C-BA8F-E60E69B8FB94}"
EndProject
Project("{8BC9CEB8-8B4A-11D0-8D11-00A0C91BC942}") = "Testing stuffs from the Comp Sci - chapter 2", "Testing stuffs from the Comp Sci - chapter 2\Testing stuffs from the Comp Sci - chapter 2.vcxproj", "{9AD8BAD5-278A-41F3-B82E-7437CD8328C4}"
EndProject
Project("{8BC9CEB8-8B4A-11D0-8D11-00A0C91BC942}") = "Coding Project", "Coding Discoveries\Coding Discoveries.vcxproj", "{A9092082-B4BD-411D-9213-216DC02F2397}"
EndProject
Project("{8BC9CEB8-8B4A-11D0-8D11-00A0C91BC942}") = "Review Exercises - Chapter 2", "Review Exercises - Chapter 2\Review Exercises - Chapter 2.vcxproj", "{A33F0D9A-F64B-4FAF-8564-E6013DC40ECA}"
EndProject
Project("{8BC9CEB8-8B4A-11D0-8D11-00A0C91BC942}") = "Assignment", "Assignment\Assignment.vcxproj", "{ADE69AB2-17E5-425F-9306-9AE7CBCD0830}"
EndProject
Global
	GlobalSection(SolutionConfigurationPlatforms) = preSolution
		Debug|x64 = Debug|x64
		Debug|x86 = Debug|x86
		Release|x64 = Release|x64
		Release|x86 = Release|x86
	EndGlobalSection
	GlobalSection(ProjectConfigurationPlatforms) = postSolution
		{31308B81-4980-4924-B038-7424DBF075FA}.Debug|x64.ActiveCfg = Debug|x64
		{31308B81-4980-4924-B038-7424DBF075FA}.Debug|x64.Build.0 = Debug|x64
		{31308B81-4980-4924-B038-7424DBF075FA}.Debug|x86.ActiveCfg = Debug|Win32
		{31308B81-4980-4924-B038-7424DBF075FA}.Debug|x86.Build.0 = Debug|Win32
		{31308B81-4980-4924-B038-7424DBF075FA}.Release|x64.ActiveCfg = Release|x64
		{31308B81-4980-4924-B038-7424DBF075FA}.Release|x64.Build.0 = Release|x64
		{31308B81-4980-4924-B038-7424DBF075FA}.Release|x86.ActiveCfg = Release|Win32
		{31308B81-4980-4924-B038-7424DBF075FA}.Release|x86.Build.0 = Release|Win32
		{39BE94A3-6F6A-4EFC-A77B-CE5CAC680FD9}.Debug|x64.ActiveCfg = Debug|x64
		{39BE94A3-6F6A-4EFC-A77B-CE5CAC680FD9}.Debug|x64.Build.0 = Debug|x64
		{39BE94A3-6F6A-4EFC-A77B-CE5CAC680FD9}.Debug|x86.ActiveCfg = Debug|Win32
		{39BE94A3-6F6A-4EFC-A77B-CE5CAC680FD9}.Debug|x86.Build.0 = Debug|Win32
		{39BE94A3-6F6A-4EFC-A77B-CE5CAC680FD9}.Release|x64.ActiveCfg = Release|x64
		{39BE94A3-6F6A-4EFC-A77B-CE5CAC680FD9}.Release|x64.Build.0 = Release|x64
		{39BE94A3-6F6A-4EFC-A77B-CE5CAC680FD9}.Release|x86.ActiveCfg = Release|Win32
		{39BE94A3-6F6A-4EFC-A77B-CE5CAC680FD9}.Release|x86.Build.0 = Release|Win32
		{FA8723B8-C01F-4D5C-BA8F-E60E69B8FB94}.Debug|x64.ActiveCfg = Debug|x64
		{FA8723B8-C01F-4D5C-BA8F-E60E69B8FB94}.Debug|x64.Build.0 = Debug|x64
		{FA8723B8-C01F-4D5C-BA8F-E60E69B8FB94}.Debug|x86.ActiveCfg = Debug|Win32
		{FA8723B8-C01F-4D5C-BA8F-E60E69B8FB94}.Debug|x86.Build.0 = Debug|Win32
		{FA8723B8-C01F-4D5C-BA8F-E60E69B8FB94}.Release|x64.ActiveCfg = Release|x64
		{FA8723B8-C01F-4D5C-BA8F-E60E69B8FB94}.Release|x64.Build.0 = Release|x64
		{FA8723B8-C01F-4D5C-BA8F-E60E69B8FB94}.Release|x86.ActiveCfg = Release|Win32
		{FA8723B8-C01F-4D5C-BA8F-E60E69B8FB94}.Release|x86.Build.0 = Release|Win32
		{9AD8BAD5-278A-41F3-B82E-7437CD8328C4}.Debug|x64.ActiveCfg = Debug|x64
		{9AD8BAD5-278A-41F3-B82E-7437CD8328C4}.Debug|x64.Build.0 = Debug|x64
		{9AD8BAD5-278A-41F3-B82E-7437CD8328C4}.Debug|x86.ActiveCfg = Debug|Win32
		{9AD8BAD5-278A-41F3-B82E-7437CD8328C4}.Debug|x86.Build.0 = Debug|Win32
		{9AD8BAD5-278A-41F3-B82E-7437CD8328C4}.Release|x64.ActiveCfg = Release|x64
		{9AD8BAD5-278A-41F3-B82E-7437CD8328C4}.Release|x64.Build.0 = Release|x64
		{9AD8BAD5-278A-41F3-B82E-7437CD8328C4}.Release|x86.ActiveCfg = Release|Win32
		{9AD8BAD5-278A-41F3-B82E-7437CD8328C4}.Release|x86.Build.0 = Release|Win32
		{A9092082-B4BD-411D-9213-216DC02F2397}.Debug|x64.ActiveCfg = Debug|x64
		{A9092082-B4BD-411D-9213-216DC02F2397}.Debug|x64.Build.0 = Debug|x64
		{A9092082-B4BD-411D-9213-216DC02F2397}.Debug|x86.ActiveCfg = Debug|Win32
		{A9092082-B4BD-411D-9213-216DC02F2397}.Debug|x86.Build.0 = Debug|Win32
		{A9092082-B4BD-411D-9213-216DC02F2397}.Release|x64.ActiveCfg = Release|x64
		{A9092082-B4BD-411D-9213-216DC02F2397}.Release|x64.Build.0 = Release|x64
		{A9092082-B4BD-411D-9213-216DC02F2397}.Release|x86.ActiveCfg = Release|Win32
		{A9092082-B4BD-411D-9213-216DC02F2397}.Release|x86.Build.0 = Release|Win32
		{A33F0D9A-F64B-4FAF-8564-E6013DC40ECA}.Debug|x64.ActiveCfg = Debug|x64
		{A33F0D9A-F64B-4FAF-8564-E6013DC40ECA}.Debug|x64.Build.0 = Debug|x64
		{A33F0D9A-F64B-4FAF-8564-E6013DC40ECA}.Debug|x86.ActiveCfg = Debug|Win32
		{A33F0D9A-F64B-4FAF-8564-E6013DC40ECA}.Debug|x86.Build.0 = Debug|Win32
		{A33F0D9A-F64B-4FAF-8564-E6013DC40ECA}.Release|x64.ActiveCfg = Release|x64
		{A33F0D9A-F64B-4FAF-8564-E6013DC40ECA}.Release|x64.Build.0 = Release|x64
		{A33F0D9A-F64B-4FAF-8564-E6013DC40ECA}.Release|x86.ActiveCfg = Release|Win32
		{A33F0D9A-F64B-4FAF-8564-E6013DC40ECA}.Release|x86.Build.0 = Release|Win32
		{ADE69AB2-17E5-425F-9306-9AE7CBCD0830}.Debug|x64.ActiveCfg = Debug|x64
		{ADE69AB2-17E5-425F-9306-9AE7CBCD0830}.Debug|x64.Build.0 = Debug|x64
		{ADE69AB2-17E5-425F-9306-9AE7CBCD0830}.Debug|x86.ActiveCfg = Debug|Win32
		{ADE69AB2-17E5-425F-9306-9AE7CBCD0830}.Debug|x86.Build.0 = Debug|Win32
		{ADE69AB2-17E5-425F-9306-9AE7CBCD0830}.Release|x64.ActiveCfg = Release|x64
		{ADE69AB2-17E5-425F-9306-9AE7CBCD0830}.Release|x64.Build.0 = Release|x64
		{ADE69AB2-17E5-425F-9306-9AE7CBCD0830}.Release|x86.ActiveCfg = Release|Win32
		{ADE69AB2-17E5-425F-9306-9AE7CBCD0830}.Release|x86.Build.0 = Release|Win32
	EndGlobalSection
	GlobalSection(SolutionProperties) = preSolution
		HideSolutionNode = FALSE
	EndGlobalSection
	GlobalSection(ExtensibilityGlobals) = postSolution
		SolutionGuid = {48CAADEA-C08B-4EFB-A865-5CB9989BD5B8}
	EndGlobalSection
EndGlobal
