<?xml version="1.0" encoding="utf-8"?>
<Project ToolsVersion="4.0" xmlns="http://schemas.microsoft.com/developer/msbuild/2003">
  <ItemGroup>
    <Filter Include="Source Files">
      <UniqueIdentifier>{4FC737F1-C7A5-4376-A066-2A32D752A2FF}</UniqueIdentifier>
      <Extensions>cpp;c;cc;cxx;def;odl;idl;hpj;bat;asm;asmx</Extensions>
    </Filter>
    <Filter Include="Header Files">
      <UniqueIdentifier>{93995380-89BD-4b04-88EB-625FBE52EBFB}</UniqueIdentifier>
      <Extensions>h;hh;hpp;hxx;hm;inl;inc;ipp;xsd</Extensions>
    </Filter>
    <Filter Include="Resource Files">
      <UniqueIdentifier>{67DA6AB6-F800-4c08-8B7A-83BB121AAD01}</UniqueIdentifier>
      <Extensions>rc;ico;cur;bmp;dlg;rc2;rct;bin;rgs;gif;jpg;jpeg;jpe;resx;tiff;tif;png;wav;mfcribbon-ms</Extensions>
    </Filter>
  </ItemGroup>
  <ItemGroup>
    <ClCompile Include="Review Questions - 17.cpp">
      <Filter>Source Files</Filter>
    </ClCompile>
    <ClCompile Include="Review Question - 18.cpp">
      <Filter>Source Files</Filter>
    </ClCompile>
    <ClCompile Include="Review Question - 20.cpp">
      <Filter>Source Files</Filter>
    </ClCompile>
    <ClCompile Include="Algorithm Workbench - 21.cpp">
      <Filter>Source Files</Filter>
    </ClCompile>
    <ClCompile Include="Algorithm Workbench - 22.cpp">
      <Filter>Source Files</Filter>
    </ClCompile>
    <ClCompile Include="Algorithm Workbench  - 22cpp.cpp">
      <Filter>Source Files</Filter>
    </ClCompile>
    <ClCompile Include="Algorithm Workbench - 24.cpp">
      <Filter>Source Files</Filter>
    </ClCompile>
    <ClCompile Include="..\Review Exercise Chapter 1\Programming Challenge - Sum of Two Numbers.cpp">
      <Filter>Source Files</Filter>
    </ClCompile>
    <ClCompile Include="Programming Challenge - Sales Prediction.cpp">
      <Filter>Source Files</Filter>
    </ClCompile>
    <ClCompile Include="Programming Challenges - Sales Tax.cpp">
      <Filter>Source Files</Filter>
    </ClCompile>
    <ClCompile Include="Programmign Challenge - Restaurant Bill.cpp">
      <Filter>Source Files</Filter>
    </ClCompile>
    <ClCompile Include="Programming Challenge - Miles per Gallon.cpp">
      <Filter>Source Files</Filter>
    </ClCompile>
    <ClCompile Include="Programming Challenge - Distance per Tank of Gas.cpp">
      <Filter>Source Files</Filter>
    </ClCompile>
    <ClCompile Include="Programming Challenge - Number of Acres.cpp">
      <Filter>Source Files</Filter>
    </ClCompile>
    <ClCompile Include="Programming Challenge - Land Calculation.cpp">
      <Filter>Source Files</Filter>
    </ClCompile>
    <ClCompile Include="Programming Challenge - Circuit  Board Price.cpp">
      <Filter>Source Files</Filter>
    </ClCompile>
    <ClCompile Include="Programming Challenges - Personal Information.cpp">
      <Filter>Source Files</Filter>
    </ClCompile>
    <ClCompile Include="Programming Challenge - Diamond Pattern.cpp">
      <Filter>Source Files</Filter>
    </ClCompile>
    <ClCompile Include="Programming Challenge - Pay Period Gross Pay.cpp">
      <Filter>Source Files</Filter>
    </ClCompile>
    <ClCompile Include="Programming Challenge - Triangle Pattern.cpp">
      <Filter>Source Files</Filter>
    </ClCompile>
    <ClCompile Include="Programming Challenge - Basketball Player Height.cpp">
      <Filter>Source Files</Filter>
    </ClCompile>
    <ClCompile Include="Programming Challenge - Stock Loss.cpp">
      <Filter>Source Files</Filter>
    </ClCompile>
    <ClCompile Include="Programming Challenge - Energy Drink Consumption.cpp">
      <Filter>Source Files</Filter>
    </ClCompile>
    <ClCompile Include="Programming Challenge - Past Ocean Levelscpp.cpp">
      <Filter>Source Files</Filter>
    </ClCompile>
    <ClCompile Include="Programming Challenge - Future Ocean Levels.cpp">
      <Filter>Source Files</Filter>
    </ClCompile>
    <ClCompile Include="Programming Challenge - Annual High Temperatures.cpp">
      <Filter>Source Files</Filter>
    </ClCompile>
    <ClCompile Include="Programming Challenge - How much paint.cpp">
      <Filter>Source Files</Filter>
    </ClCompile>
  </ItemGroup>
</Project>